
Microsoft Visual Studio Solution File, Format Version 12.00
# Visual Studio 2012
Project("{F088123C-0E9E-452A-89E6-6BA2F21D5CAC}") = "Modeling", "..\..\modeling\Modeling\Modeling\Modeling.modelproj", "{B447497F-9D6E-415D-B3A2-BFCF1BE283D3}"
EndProject
Project("{FAE04EC0-301F-11D3-BF4B-00C04F79EFBC}") = "Invisiblebook", "Invisiblebook\Invisiblebook.csproj", "{C0E19308-B433-4F56-99A1-C152945137B5}"
EndProject
Global
	GlobalSection(SolutionConfigurationPlatforms) = preSolution
		Debug|Any CPU = Debug|Any CPU
		Release|Any CPU = Release|Any CPU
	EndGlobalSection
	GlobalSection(ProjectConfigurationPlatforms) = postSolution
		{B447497F-9D6E-415D-B3A2-BFCF1BE283D3}.Debug|Any CPU.ActiveCfg = Debug|Any CPU
		{B447497F-9D6E-415D-B3A2-BFCF1BE283D3}.Debug|Any CPU.Build.0 = Debug|Any CPU
		{B447497F-9D6E-415D-B3A2-BFCF1BE283D3}.Release|Any CPU.ActiveCfg = Release|Any CPU
		{B447497F-9D6E-415D-B3A2-BFCF1BE283D3}.Release|Any CPU.Build.0 = Release|Any CPU
		{C0E19308-B433-4F56-99A1-C152945137B5}.Debug|Any CPU.ActiveCfg = Debug|Any CPU
		{C0E19308-B433-4F56-99A1-C152945137B5}.Debug|Any CPU.Build.0 = Debug|Any CPU
		{C0E19308-B433-4F56-99A1-C152945137B5}.Release|Any CPU.ActiveCfg = Release|Any CPU
		{C0E19308-B433-4F56-99A1-C152945137B5}.Release|Any CPU.Build.0 = Release|Any CPU
	EndGlobalSection
	GlobalSection(SolutionProperties) = preSolution
		HideSolutionNode = FALSE
	EndGlobalSection
EndGlobal
